
Microsoft Visual Studio Solution File, Format Version 12.00
# Visual Studio Version 17
VisualStudioVersion = 17.0.31912.275
MinimumVisualStudioVersion = 10.0.40219.1
Project("{FAE04EC0-301F-11D3-BF4B-00C04F79EFBC}") = "ProjectHermes", "ProjectHermes.csproj", "{AE1A53D7-8DE4-4139-9808-37536DA81503}"
EndProject
Global
	GlobalSection(SolutionConfigurationPlatforms) = preSolution
		Debug|Any CPU = Debug|Any CPU
		Release|Any CPU = Release|Any CPU
	EndGlobalSection
	GlobalSection(ProjectConfigurationPlatforms) = postSolution
		{AE1A53D7-8DE4-4139-9808-37536DA81503}.Debug|Any CPU.ActiveCfg = Debug|Any CPU
		{AE1A53D7-8DE4-4139-9808-37536DA81503}.Debug|Any CPU.Build.0 = Debug|Any CPU
		{AE1A53D7-8DE4-4139-9808-37536DA81503}.Release|Any CPU.ActiveCfg = Release|Any CPU
		{AE1A53D7-8DE4-4139-9808-37536DA81503}.Release|Any CPU.Build.0 = Release|Any CPU
	EndGlobalSection
	GlobalSection(SolutionProperties) = preSolution
		HideSolutionNode = FALSE
	EndGlobalSection
	GlobalSection(ExtensibilityGlobals) = postSolution
		SolutionGuid = {739813FE-5ED6-47C4-854F-736100CE50CB}
	EndGlobalSection
EndGlobal
